# This file is automatically @generated by Cargo.
# It is not intended for manual editing.
version = 4

[[package]]
name = "air_agent"
version = "0.1.0"
dependencies = [
 "serde_json",
 "tashi-vertex",
 "tokio",
]

[[package]]
name = "anyhow"
version = "1.0.104"
source = "registry+https://github.com/rust-lang/crates.io-index"
checksum = "330a5ed07fa54e4702c9d6c4174f74427fc0ef6e214bbd677ae50a5099946470"

[[package]]
name = "build-target"
version = "0.4.0"
source = "registry+https://github.com/rust-lang/crates.io-index"
checksum = "832133bbabbbaa9fbdba793456a2827627a7d2b8fb96032fa1e7666d7895832b"

[[package]]
name = "bytes"
version = "1.12.1"
source = "registry+https://github.com/rust-lang/crates.io-index"
checksum = "fc652a48c352aef3ea3aed32080501cf3ef6ed5da78602a020c991775b0aff04"

[[package]]
name = "cc"
version = "1.4.4"
source = "registry+https://github.com/rust-lang/crates.io-index"
checksum = "0ad534f4357a5264cce5019c989cf66a4f0dc4e0d1b1d15f8aacec0ff7360273"
dependencies = [
 "find-msvc-tools",
 "shlex",
]

[[package]]
name = "cmake"
version = "0.1.58"
source = "registry+https://github.com/rust-lang/crates.io-index"
checksum = "c0f78a02292a74a88ac736019ab962ece0bc380e3f977bf72e376c5d78ff0678"
dependencies = [
 "cc",
]

[[package]]
name = "copy_to_output"
version = "2.2.0"
source = "registry+https://github.com/rust-lang/crates.io-index"
checksum = "e43a9eb1b6ba30353653c07512fd8d4eeee3c8800d84194316cbc7e148d2ebae"
dependencies = [
 "anyhow",
 "build-target",
 "fs_extra",
]

[[package]]
name = "find-msvc-tools"
version = "0.1.11"
source = "registry+https://github.com/rust-lang/crates.io-index"
checksum = "d45db016d36b838f563236e9193d0ee6ce38f3f68b6c94e914b4929c96bbb890"

[[package]]
name = "fs_extra"
version = "1.3.0"
source = "registry+https://github.com/rust-lang/crates.io-index"
checksum = "42703706b716c37f96a77aea830392ad231f44c9e9a67872fa5548707e11b11c"

[[package]]
name = "itoa"
version = "1.0.18"
source = "registry+https://github.com/rust-lang/crates.io-index"
checksum = "8f42a60cbdf9a97f5d2305f08a87dc4e09308d1276d28c869c684d7777685682"

[[package]]
name = "libc"
version = "0.2.189"
source = "registry+https://github.com/rust-lang/crates.io-index"
checksum = "3eaf3ede3fee6db1a4c2ee091bf8a8b4dccdc6d17f656fb07896ee72867612f2"

[[package]]
name = "memchr"
version = "2.8.3"
source = "registry+https://github.com/rust-lang/crates.io-index"
checksum = "cf8baf1c55e62ffcace7a9f06f4bd9cd3f0c4beb022d3b367256b91b87513d98"

[[package]]
name = "mio"
version = "1.2.2"
source = "registry+https://github.com/rust-lang/crates.io-index"
checksum = "30d65c71f1ce40ab09135ce117d742b9f8a19ff91a41a8b57ed50bc2de59c427"
dependencies = [
 "libc",
 "wasi",
 "windows-sys",
]

[[package]]
name = "pin-project-lite"
version = "0.2.17"
source = "registry+https://github.com/rust-lang/crates.io-index"
checksum = "a89322df9ebe1c1578d689c92318e070967d1042b512afbe49518723f4e6d5cd"

[[package]]
name = "proc-macro2"
version = "1.0.107"
source = "registry+https://github.com/rust-lang/crates.io-index"
checksum = "985e7ec9bb745e6ce6535b544d84d6cd6f7ad8bd711c398938ae983b91a766d9"
dependencies = [
 "unicode-ident",
]

[[package]]
name = "quote"
version = "1.0.47"
source = "registry+https://github.com/rust-lang/crates.io-index"
checksum = "1fbf4db142a473a8d80c26bbf18454ed458bf8d26c8219c331daecfdbd079001"
dependencies = [
 "proc-macro2",
]

[[package]]
name = "serde"
version = "1.0.229"
source = "registry+https://github.com/rust-lang/crates.io-index"
checksum = "4148590afebada386688f18773da617792bf2ef03ffc1e4cbd2b1d45b023e0ba"
dependencies = [
 "serde_core",
]

[[package]]
name = "serde_core"
version = "1.0.229"
source = "registry+https://github.com/rust-lang/crates.io-index"
checksum = "67dca2c9c51e58a4791a4b1ed58308b39c64224d349a935ab5039aa360942a48"
dependencies = [
 "serde_derive",
]

[[package]]
name = "serde_derive"
version = "1.0.229"
source = "registry+https://github.com/rust-lang/crates.io-index"
checksum = "e7a5d71263a5a7d47b41f6b3f06ba276f10cc18b0931f1799f710578e2309348"
dependencies = [
 "proc-macro2",
 "quote",
 "syn",
]

[[package]]
name = "serde_json"
version = "1.0.151"
source = "registry+https://github.com/rust-lang/crates.io-index"
checksum = "c841b55ecdae098c80dcae9cf767f6f8a0c2cdb3416bbef72181df4d0fe73f14"
dependencies = [
 "itoa",
 "memchr",
 "serde",
 "serde_core",
 "zmij",
]

[[package]]
name = "shlex"
version = "2.0.1"
source = "registry+https://github.com/rust-lang/crates.io-index"
checksum = "f8fadd59c855ef2080decdef8ff161eb6661b86933c9d82e5ba29dc602a55aba"

[[package]]
name = "socket2"
version = "0.6.5"
source = "registry+https://github.com/rust-lang/crates.io-index"
checksum = "c3d1e2c7f27f8d4cb10542a02c49005dbd6e93095799d6f3be745fae9f8fedd4"
dependencies = [
 "libc",
 "windows-sys",
]

[[package]]
name = "syn"
version = "3.0.4"
source = "registry+https://github.com/rust-lang/crates.io-index"
checksum = "e6275cddf4610d1775e6d1fe9469b2e77d0f39fd98fb7450901b821e0c53649f"
dependencies = [
 "proc-macro2",
 "quote",
 "unicode-ident",
]

[[package]]
name = "tashi-vertex"
version = "0.14.0"
source = "registry+https://github.com/rust-lang/crates.io-index"
checksum = "722c1196d1374d3f66a730a8423ebab4b1cef32c910edd39e467ce29c461ae28"
dependencies = [
 "anyhow",
 "cmake",
 "copy_to_output",
]

[[package]]
name = "tokio"
version = "1.53.1"
source = "registry+https://github.com/rust-lang/crates.io-index"
checksum = "202caea871b69668250d242070849eb495be178ed697a3e98aebce5bc81a0bed"
dependencies = [
 "bytes",
 "libc",
 "mio",
 "pin-project-lite",
 "socket2",
 "tokio-macros",
 "windows-sys",
]

[[package]]
name = "tokio-macros"
version = "2.7.2"
source = "registry+https://github.com/rust-lang/crates.io-index"
checksum = "78773a2a397f451582ce068015985c33193cf6dea8b74d2a639fe457b2f07b0e"
dependencies = [
 "proc-macro2",
 "quote",
 "syn",
]

[[package]]
name = "unicode-ident"
version = "1.0.24"
source = "registry+https://github.com/rust-lang/crates.io-index"
checksum = "e6e4313cd5fcd3dad5cafa179702e2b244f760991f45397d14d4ebf38247da75"

[[package]]
name = "wasi"
version = "0.11.1+wasi-snapshot-preview1"
source = "registry+https://github.com/rust-lang/crates.io-index"
checksum = "ccf3ec651a847eb01de73ccad15eb7d99f80485de043efb2f370cd654f4ea44b"

[[package]]
name = "windows-link"
version = "0.2.1"
source = "registry+https://github.com/rust-lang/crates.io-index"
checksum = "f0805222e57f7521d6a62e36fa9163bc891acd422f971defe97d64e70d0a4fe5"

[[package]]
name = "windows-sys"
version = "0.61.2"
source = "registry+https://github.com/rust-lang/crates.io-index"
checksum = "ae137229bcbd6cdf0f7b80a31df61766145077ddf49416a728b02cb3921ff3fc"
dependencies = [
 "windows-link",
]

[[package]]
name = "zmij"
version = "1.0.23"
source = "registry+https://github.com/rust-lang/crates.io-index"
checksum = "29666d0abbfad1e3dc4dcf6144730dd3a3ab225bbbdac83319345b1b44ccfc1b"

[[patch.unused]]
name = "action_msgs"
version = "2.0.4"

[[patch.unused]]
name = "actionlib_msgs"
version = "5.3.8"

[[patch.unused]]
name = "builtin_interfaces"
version = "2.0.4"

[[patch.unused]]
name = "composition_interfaces"
version = "2.0.4"

[[patch.unused]]
name = "diagnostic_msgs"
version = "5.3.8"

[[patch.unused]]
name = "examples_rclrs_logging_demo"
version = "0.5.0"

[[patch.unused]]
name = "examples_rclrs_message_demo"
version = "0.5.0"

[[patch.unused]]
name = "examples_rclrs_minimal_client_service"
version = "0.5.0"

[[patch.unused]]
name = "examples_rclrs_minimal_pub_sub"
version = "0.5.0"

[[patch.unused]]
name = "examples_rclrs_parameter_demo"
version = "0.5.0"

[[patch.unused]]
name = "examples_rclrs_worker_demo"
version = "0.5.0"

[[patch.unused]]
name = "geometry_msgs"
version = "5.3.8"

[[patch.unused]]
name = "lifecycle_msgs"
version = "2.0.4"

[[patch.unused]]
name = "nav_msgs"
version = "5.3.8"

[[patch.unused]]
name = "rcl_interfaces"
version = "2.0.4"

[[patch.unused]]
name = "rclrs"
version = "0.7.0"

[[patch.unused]]
name = "rmw_dds_common"
version = "3.1.1"

[[patch.unused]]
name = "rosapi_msgs"
version = "2.7.0"

[[patch.unused]]
name = "rosbag2_interfaces"
version = "0.26.11"

[[patch.unused]]
name = "rosbridge_msgs"
version = "2.7.0"

[[patch.unused]]
name = "rosgraph_msgs"
version = "2.0.4"

[[patch.unused]]
name = "rosidl_runtime_rs"
version = "0.6.0"

[[patch.unused]]
name = "rust_pubsub"
version = "0.5.0"

[[patch.unused]]
name = "sensor_msgs"
version = "5.3.8"

[[patch.unused]]
name = "service_msgs"
version = "2.0.4"

[[patch.unused]]
name = "shape_msgs"
version = "5.3.8"

[[patch.unused]]
name = "statistics_msgs"
version = "2.0.4"

[[patch.unused]]
name = "std_msgs"
version = "5.3.8"

[[patch.unused]]
name = "std_srvs"
version = "5.3.8"

[[patch.unused]]
name = "stereo_msgs"
version = "5.3.8"

[[patch.unused]]
name = "tf2_msgs"
version = "0.36.21"

[[patch.unused]]
name = "trajectory_msgs"
version = "5.3.8"

[[patch.unused]]
name = "type_description_interfaces"
version = "2.0.4"

[[patch.unused]]
name = "unique_identifier_msgs"
version = "2.5.1"

[[patch.unused]]
name = "vertex_ros2_msgs"
version = "0.1.0"

[[patch.unused]]
name = "visualization_msgs"
version = "5.3.8"
